PODS:
  - ReactorKit (1.1.0):
    - RxSwift (>= 4.0.0)
  - RxSwift (4.2.0)

DEPENDENCIES:
  - ReactorKit

SPEC REPOS:
  https://github.com/cocoapods/specs.git:
    - ReactorKit
    - RxSwift

SPEC CHECKSUMS:
  ReactorKit: 26470a9eff5094fae909a30af0be7cd0cf8a182d
  RxSwift: 99e10317ddfcc7fbe01356aafd118fde4a0be104

PODFILE CHECKSUM: 2a267f1b7a9d09fa957a7ca6ec97801151a5d152

COCOAPODS: 1.5.3
